Microsoft Visual Studio Solution File, Format Version 11.00
# Visual Studio 2008

Project("{7188C7F6-3FC4-F3D2-06B3-1E7110076231}") = "Borat", "Assembly-CSharp.csproj", "{F365D157-5F36-C2C4-0C8F-01391371F4DA}"
EndProject
Global
	GlobalSection(SolutionConfigurationPlatforms) = preSolution
		Debug|Any CPU = Debug|Any CPU
		Release|Any CPU = Release|Any CPU
	EndGlobalSection
	GlobalSection(ProjectConfigurationPlatforms) = postSolution
		{F365D157-5F36-C2C4-0C8F-01391371F4DA}.Debug|Any CPU.ActiveCfg = Debug|Any CPU
		{F365D157-5F36-C2C4-0C8F-01391371F4DA}.Debug|Any CPU.Build.0 = Debug|Any CPU
		{F365D157-5F36-C2C4-0C8F-01391371F4DA}.Release|Any CPU.ActiveCfg = Release|Any CPU
		{F365D157-5F36-C2C4-0C8F-01391371F4DA}.Release|Any CPU.Build.0 = Release|Any CPU
	EndGlobalSection
	GlobalSection(SolutionProperties) = preSolution
		HideSolutionNode = FALSE
	EndGlobalSection
	GlobalSection(MonoDevelopProperties) = preSolution
		StartupItem = Assembly-CSharp.csproj
	EndGlobalSection
EndGlobal
